
Microsoft Visual Studio Solution File, Format Version 12.00
# Visual Studio Version 16
VisualStudioVersion = 16.0.31624.102
MinimumVisualStudioVersion = 10.0.40219.1
Project("{FAE04EC0-301F-11D3-BF4B-00C04F79EFBC}") = "BackEndOTP", "BackEndOTP\BackEndOTP.csproj", "{856A0830-55CF-4678-851E-AA2AFD11661B}"
EndProject
Global
	GlobalSection(SolutionConfigurationPlatforms) = preSolution
		Debug|Any CPU = Debug|Any CPU
		Release|Any CPU = Release|Any CPU
	EndGlobalSection
	GlobalSection(ProjectConfigurationPlatforms) = postSolution
		{856A0830-55CF-4678-851E-AA2AFD11661B}.Debug|Any CPU.ActiveCfg = Debug|Any CPU
		{856A0830-55CF-4678-851E-AA2AFD11661B}.Debug|Any CPU.Build.0 = Debug|Any CPU
		{856A0830-55CF-4678-851E-AA2AFD11661B}.Release|Any CPU.ActiveCfg = Release|Any CPU
		{856A0830-55CF-4678-851E-AA2AFD11661B}.Release|Any CPU.Build.0 = Release|Any CPU
	EndGlobalSection
	GlobalSection(SolutionProperties) = preSolution
		HideSolutionNode = FALSE
	EndGlobalSection
	GlobalSection(ExtensibilityGlobals) = postSolution
		SolutionGuid = {FD3943C9-2180-4111-8FA2-EC795070D8EC}
	EndGlobalSection
EndGlobal
